{
  "version": 4,
  "terraform_version": "1.3.2",
  "serial": 21,
  "lineage": "10fbadd1-29d6-5bbf-df77-7465e8e46b23",
  "outputs": {},
  "resources": [
    {
      "module": "module.github_repository2",
      "mode": "managed",
      "type": "github_repository",
      "name": "project_repository",
      "provider": "provider[\"registry.terraform.io/hashicorp/github\"]",
      "instances": [
        {
          "schema_version": 0,
          "attributes": {
            "allow_auto_merge": false,
            "allow_merge_commit": true,
            "allow_rebase_merge": true,
            "allow_squash_merge": true,
            "allow_update_branch": false,
            "archive_on_destroy": null,
            "archived": false,
            "auto_init": null,
            "default_branch": "master",
            "delete_branch_on_merge": false,
            "description": "example2",
            "etag": "W/\"1bc2e5471a6120777a2156519b807b1f5def7b5e289d05f240dbe3f6818a0776\"",
            "full_name": "IgorAssuncao/example2",
            "git_clone_url": "git://github.com/IgorAssuncao/example2.git",
            "gitignore_template": null,
            "has_downloads": false,
            "has_issues": false,
            "has_projects": false,
            "has_wiki": false,
            "homepage_url": "",
            "html_url": "https://github.com/IgorAssuncao/example2",
            "http_clone_url": "https://github.com/IgorAssuncao/example2.git",
            "id": "example2",
            "ignore_vulnerability_alerts_during_read": null,
            "is_template": false,
            "license_template": null,
            "merge_commit_message": "PR_TITLE",
            "merge_commit_title": "MERGE_MESSAGE",
            "name": "example2",
            "node_id": "R_kgDOIiCHgg",
            "pages": [],
            "private": false,
            "repo_id": 572557186,
            "security_and_analysis": [],
            "squash_merge_commit_message": "COMMIT_MESSAGES",
            "squash_merge_commit_title": "COMMIT_OR_PR_TITLE",
            "ssh_clone_url": "git@github.com:IgorAssuncao/example2.git",
            "svn_url": "https://github.com/IgorAssuncao/example2",
            "template": [
              {
                "include_all_branches": false,
                "owner": "IgorAssuncao",
                "repository": "igor-nodejs-boilerplate"
              }
            ],
            "topics": null,
            "visibility": "public",
            "vulnerability_alerts": false
          },
          "sensitive_attributes": [],
          "private": "bnVsbA=="
        }
      ]
    }
  ],
  "check_results": []
}
